
Microsoft Visual Studio Solution File, Format Version 12.00
# Visual Studio Version 16
VisualStudioVersion = 16.0.29209.62
MinimumVisualStudioVersion = 10.0.40219.1
Project("{9A19103F-16F7-4668-BE54-9A1E7A4F7556}") = "MyRabbitMQProducer", ".\MyRabbitMQProducer\MyRabbitMQProducer.csproj", "{392DB2B6-2C65-4727-952C-9C10D731846F}"
EndProject
Project("{FAE04EC0-301F-11D3-BF4B-00C04F79EFBC}") = "MyRabbitMQConsumer", ".\MyRabbitMQConsumer\MyRabbitMQConsumer.csproj", "{8835E670-CBA8-499F-80BC-AF02092FF283}"
EndProject
Global
	GlobalSection(SolutionConfigurationPlatforms) = preSolution
		Debug|Any CPU = Debug|Any CPU
		Release|Any CPU = Release|Any CPU
	EndGlobalSection
	GlobalSection(ProjectConfigurationPlatforms) = postSolution
		{392DB2B6-2C65-4727-952C-9C10D731846F}.Debug|Any CPU.ActiveCfg = Debug|Any CPU
		{392DB2B6-2C65-4727-952C-9C10D731846F}.Debug|Any CPU.Build.0 = Debug|Any CPU
		{392DB2B6-2C65-4727-952C-9C10D731846F}.Release|Any CPU.ActiveCfg = Release|Any CPU
		{392DB2B6-2C65-4727-952C-9C10D731846F}.Release|Any CPU.Build.0 = Release|Any CPU
		{8835E670-CBA8-499F-80BC-AF02092FF283}.Debug|Any CPU.ActiveCfg = Debug|Any CPU
		{8835E670-CBA8-499F-80BC-AF02092FF283}.Debug|Any CPU.Build.0 = Debug|Any CPU
		{8835E670-CBA8-499F-80BC-AF02092FF283}.Release|Any CPU.ActiveCfg = Release|Any CPU
		{8835E670-CBA8-499F-80BC-AF02092FF283}.Release|Any CPU.Build.0 = Release|Any CPU
	EndGlobalSection
	GlobalSection(SolutionProperties) = preSolution
		HideSolutionNode = FALSE
	EndGlobalSection
	GlobalSection(ExtensibilityGlobals) = postSolution
		SolutionGuid = {57995DB3-8B35-4C7C-B87C-7355086D003D}
	EndGlobalSection
EndGlobal
